<?xml version="1.0" encoding="utf-8"?>
<Project ToolsVersion="4.0" xmlns="http://schemas.microsoft.com/developer/msbuild/2003">
  <ItemGroup>
    <Filter Include="Resource Files">
      <UniqueIdentifier>{67DA6AB6-F800-4c08-8B7A-83BB121AAD01}</UniqueIdentifier>
      <Extensions>rc;ico;cur;bmp;dlg;rc2;rct;bin;rgs;gif;jpg;jpeg;jpe;resx;tiff;tif;png;wav;mfcribbon-ms</Extensions>
    </Filter>
    <Filter Include="Constants">
      <UniqueIdentifier>{fadc50e7-96c4-46d1-a31b-87a667cbdc68}</UniqueIdentifier>
    </Filter>
    <Filter Include="Data">
      <UniqueIdentifier>{6ddb119c-184c-43e2-8792-1f79dd550330}</UniqueIdentifier>
    </Filter>
    <Filter Include="Zone">
      <UniqueIdentifier>{586bb100-4d9d-44dd-971e-0b6b3fdf5e70}</UniqueIdentifier>
    </Filter>
    <Filter Include="Zone\Character">
      <UniqueIdentifier>{e2ee3eb3-5962-45cb-bd34-fd5b568c5f38}</UniqueIdentifier>
    </Filter>
    <Filter Include="Zone\Monster">
      <UniqueIdentifier>{ec7b8978-2c78-426e-b2ae-c8791681333c}</UniqueIdentifier>
    </Filter>
    <Filter Include="Zone\Npc">
      <UniqueIdentifier>{7fe4e0e5-28bb-41a5-b82d-fbd33a8694d2}</UniqueIdentifier>
    </Filter>
    <Filter Include="Zone\Character\Item">
      <UniqueIdentifier>{a4606586-8ba1-4b1a-b888-03bcf412e290}</UniqueIdentifier>
    </Filter>
    <Filter Include="System">
      <UniqueIdentifier>{4f570dca-b4a6-444f-aacd-bc2aa5497385}</UniqueIdentifier>
    </Filter>
  </ItemGroup>
  <ItemGroup>
    <ClCompile Include="zone_server_main.cpp" />
    <ClCompile Include="Constants\GameConstants.cpp">
      <Filter>Constants</Filter>
    </ClCompile>
    <ClCompile Include="Constants\ServerConstants.cpp">
      <Filter>Constants</Filter>
    </ClCompile>
    <ClCompile Include="Data\ZoneDataProvider.cpp">
      <Filter>Data</Filter>
    </ClCompile>
    <ClCompile Include="Data\DatabaseTable.cpp">
      <Filter>Data</Filter>
    </ClCompile>
    <ClCompile Include="ZoneEventHandler.cpp" />
    <ClCompile Include="ZoneServer.cpp" />
    <ClCompile Include="Data\MonsterTemplateProvider.cpp">
      <Filter>Data</Filter>
    </ClCompile>
    <ClCompile Include="Zone\PawnObject.cpp">
      <Filter>Zone</Filter>
    </ClCompile>
    <ClCompile Include="Zone\Zone.cpp">
      <Filter>Zone</Filter>
    </ClCompile>
    <ClCompile Include="Zone\ZoneObject.cpp">
      <Filter>Zone</Filter>
    </ClCompile>
    <ClCompile Include="Zone\Character\Character.cpp">
      <Filter>Zone\Character</Filter>
    </ClCompile>
    <ClCompile Include="Zone\Character\CharacterInventory.cpp">
      <Filter>Zone\Character</Filter>
    </ClCompile>
    <ClCompile Include="Zone\Character\CharacterQuickSlot.cpp">
      <Filter>Zone\Character</Filter>
    </ClCompile>
    <ClCompile Include="Zone\Character\CharacterSkill.cpp">
      <Filter>Zone\Character</Filter>
    </ClCompile>
    <ClCompile Include="Zone\Character\CharacterStat.cpp">
      <Filter>Zone\Character</Filter>
    </ClCompile>
    <ClCompile Include="Zone\Monster\Monster.cpp">
      <Filter>Zone\Monster</Filter>
    </ClCompile>
    <ClCompile Include="Zone\Npc\TalkableNPC.cpp">
      <Filter>Zone\Npc</Filter>
    </ClCompile>
    <ClCompile Include="Zone\Character\Item\BaseItem.cpp">
      <Filter>Zone\Character\Item</Filter>
    </ClCompile>
    <ClCompile Include="Zone\Character\Item\ConsumeItem.cpp">
      <Filter>Zone\Character\Item</Filter>
    </ClCompile>
    <ClCompile Include="Zone\Character\Item\EquipItem.cpp">
      <Filter>Zone\Character\Item</Filter>
    </ClCompile>
    <ClCompile Include="System\MatchingSystem.cpp">
      <Filter>System</Filter>
    </ClCompile>
    <ClCompile Include="System\PartySystem.cpp">
      <Filter>System</Filter>
    </ClCompile>
  </ItemGroup>
  <ItemGroup>
    <ClInclude Include="Constants\GameConstants.hpp">
      <Filter>Constants</Filter>
    </ClInclude>
    <ClInclude Include="Constants\ServerConstants.hpp">
      <Filter>Constants</Filter>
    </ClInclude>
    <ClInclude Include="Data\ZoneDataProvider.hpp">
      <Filter>Data</Filter>
    </ClInclude>
    <ClInclude Include="Data\DatabaseTable.hpp">
      <Filter>Data</Filter>
    </ClInclude>
    <ClInclude Include="ZoneEventHandler.hpp" />
    <ClInclude Include="ZoneServer.hpp" />
    <ClInclude Include="Data\MonsterTemplateProvider.hpp">
      <Filter>Data</Filter>
    </ClInclude>
    <ClInclude Include="Zone\FVector.hpp">
      <Filter>Zone</Filter>
    </ClInclude>
    <ClInclude Include="Zone\PawnObject.hpp">
      <Filter>Zone</Filter>
    </ClInclude>
    <ClInclude Include="Zone\Zone.hpp">
      <Filter>Zone</Filter>
    </ClInclude>
    <ClInclude Include="Zone\ZoneObject.hpp">
      <Filter>Zone</Filter>
    </ClInclude>
    <ClInclude Include="Zone\Character\Character.hpp">
      <Filter>Zone\Character</Filter>
    </ClInclude>
    <ClInclude Include="Zone\Character\CharacterInventory.hpp">
      <Filter>Zone\Character</Filter>
    </ClInclude>
    <ClInclude Include="Zone\Character\CharacterQuickSlot.hpp">
      <Filter>Zone\Character</Filter>
    </ClInclude>
    <ClInclude Include="Zone\Character\CharacterSkill.hpp">
      <Filter>Zone\Character</Filter>
    </ClInclude>
    <ClInclude Include="Zone\Character\CharacterStat.hpp">
      <Filter>Zone\Character</Filter>
    </ClInclude>
    <ClInclude Include="Zone\Monster\Monster.hpp">
      <Filter>Zone\Monster</Filter>
    </ClInclude>
    <ClInclude Include="Zone\Npc\TalkableNPC.hpp">
      <Filter>Zone\Npc</Filter>
    </ClInclude>
    <ClInclude Include="Zone\Character\Item\BaseItem.hpp">
      <Filter>Zone\Character\Item</Filter>
    </ClInclude>
    <ClInclude Include="Zone\Character\Item\ConsumeItem.hpp">
      <Filter>Zone\Character\Item</Filter>
    </ClInclude>
    <ClInclude Include="Zone\Character\Item\EquipItem.hpp">
      <Filter>Zone\Character\Item</Filter>
    </ClInclude>
    <ClInclude Include="System\MatchingSystem.hpp">
      <Filter>System</Filter>
    </ClInclude>
    <ClInclude Include="System\PartySystem.hpp">
      <Filter>System</Filter>
    </ClInclude>
  </ItemGroup>
</Project>