<?xml version="1.0" encoding="utf-8"?>
<Project ToolsVersion="4.0" xmlns="http://schemas.microsoft.com/developer/msbuild/2003">
  <ItemGroup>
    <Filter Include="Exception">
      <UniqueIdentifier>{2887c421-3bab-4b36-a713-d22d968563d2}</UniqueIdentifier>
    </Filter>
    <Filter Include="Nio">
      <UniqueIdentifier>{376db252-2a54-4699-9704-ced80be83921}</UniqueIdentifier>
    </Filter>
    <Filter Include="Stream">
      <UniqueIdentifier>{1a8fa616-b957-4300-b2e5-9eed9b0db751}</UniqueIdentifier>
    </Filter>
    <Filter Include="Time">
      <UniqueIdentifier>{ba2a1ce6-ed07-470a-8762-d7981867c767}</UniqueIdentifier>
    </Filter>
    <Filter Include="Nio\Private">
      <UniqueIdentifier>{cd1788a7-fefc-479f-8345-3da5669cd919}</UniqueIdentifier>
    </Filter>
    <Filter Include="Database">
      <UniqueIdentifier>{aa11dfff-29c0-4e20-b290-1ac1cf350a99}</UniqueIdentifier>
    </Filter>
    <Filter Include="Utility">
      <UniqueIdentifier>{44055d86-572e-47c3-bc15-fddad547fb55}</UniqueIdentifier>
    </Filter>
    <Filter Include="Thread">
      <UniqueIdentifier>{3a63e7dd-120b-4d87-bea0-ece6ff31ed46}</UniqueIdentifier>
    </Filter>
    <Filter Include="Server">
      <UniqueIdentifier>{b5c7a604-4ee6-4355-83a6-6fcd2af0da1d}</UniqueIdentifier>
    </Filter>
  </ItemGroup>
  <ItemGroup>
    <ClInclude Include="Time.hpp" />
    <ClInclude Include="Exception.hpp" />
    <ClInclude Include="Nio.hpp" />
    <ClInclude Include="Stream.hpp" />
    <ClInclude Include="Exception\StackTraceException.hpp">
      <Filter>Exception</Filter>
    </ClInclude>
    <ClInclude Include="Stream\ByteStream.hpp">
      <Filter>Stream</Filter>
    </ClInclude>
    <ClInclude Include="Stream\InputStream.hpp">
      <Filter>Stream</Filter>
    </ClInclude>
    <ClInclude Include="Stream\OutputStream.hpp">
      <Filter>Stream</Filter>
    </ClInclude>
    <ClInclude Include="Stream\StreamBase.hpp">
      <Filter>Stream</Filter>
    </ClInclude>
    <ClInclude Include="Time\Calendar.hpp">
      <Filter>Time</Filter>
    </ClInclude>
    <ClInclude Include="Time\Clock.hpp">
      <Filter>Time</Filter>
    </ClInclude>
    <ClInclude Include="Stream\Interface.hpp">
      <Filter>Stream</Filter>
    </ClInclude>
    <ClInclude Include="Nio\Private\NioContext.hpp">
      <Filter>Nio\Private</Filter>
    </ClInclude>
    <ClInclude Include="Nio\Private\NioSocket.hpp">
      <Filter>Nio\Private</Filter>
    </ClInclude>
    <ClInclude Include="Nio\Private\NioSystemClockTimer.hpp">
      <Filter>Nio\Private</Filter>
    </ClInclude>
    <ClInclude Include="Nio\NioBase.hpp">
      <Filter>Nio</Filter>
    </ClInclude>
    <ClInclude Include="Nio\NioChannel.hpp">
      <Filter>Nio</Filter>
    </ClInclude>
    <ClInclude Include="Nio\NioChannelHandler.hpp">
      <Filter>Nio</Filter>
    </ClInclude>
    <ClInclude Include="Nio\NioCipher.hpp">
      <Filter>Nio</Filter>
    </ClInclude>
    <ClInclude Include="Nio\NioEventHandler.hpp">
      <Filter>Nio</Filter>
    </ClInclude>
    <ClInclude Include="Nio\NioInPacket.hpp">
      <Filter>Nio</Filter>
    </ClInclude>
    <ClInclude Include="Nio\NioInternalBuffer.hpp">
      <Filter>Nio</Filter>
    </ClInclude>
    <ClInclude Include="Nio\NioOutPacket.hpp">
      <Filter>Nio</Filter>
    </ClInclude>
    <ClInclude Include="Nio\NioServer.hpp">
      <Filter>Nio</Filter>
    </ClInclude>
    <ClInclude Include="Nio\NioSession.hpp">
      <Filter>Nio</Filter>
    </ClInclude>
    <ClInclude Include="Nio\NioThreadGroup.hpp">
      <Filter>Nio</Filter>
    </ClInclude>
    <ClInclude Include="Database.hpp" />
    <ClInclude Include="Database\base.hpp">
      <Filter>Database</Filter>
    </ClInclude>
    <ClInclude Include="Database\Connection.hpp">
      <Filter>Database</Filter>
    </ClInclude>
    <ClInclude Include="Database\DatabaseDriver.hpp">
      <Filter>Database</Filter>
    </ClInclude>
    <ClInclude Include="Database\ODBC.hpp">
      <Filter>Database</Filter>
    </ClInclude>
    <ClInclude Include="Database\PreparedStatement.hpp">
      <Filter>Database</Filter>
    </ClInclude>
    <ClInclude Include="Database\ResultSet.hpp">
      <Filter>Database</Filter>
    </ClInclude>
    <ClInclude Include="Nio\NIoLogger.hpp">
      <Filter>Nio</Filter>
    </ClInclude>
    <ClInclude Include="Utility\TSingleton.hpp">
      <Filter>Utility</Filter>
    </ClInclude>
    <ClInclude Include="Utility\UUID.hpp">
      <Filter>Utility</Filter>
    </ClInclude>
    <ClInclude Include="Utility.hpp" />
    <ClInclude Include="Thread.hpp" />
    <ClInclude Include="Thread\Barrier.hpp">
      <Filter>Thread</Filter>
    </ClInclude>
    <ClInclude Include="Thread\JoinThread.hpp">
      <Filter>Thread</Filter>
    </ClInclude>
    <ClInclude Include="Server\ClientStorage.hpp">
      <Filter>Server</Filter>
    </ClInclude>
    <ClInclude Include="Server\UE4Client.hpp">
      <Filter>Server</Filter>
    </ClInclude>
    <ClInclude Include="Server\UE4BaseServer.hpp">
      <Filter>Server</Filter>
    </ClInclude>
    <ClInclude Include="Server\UE4OutPacket.hpp">
      <Filter>Server</Filter>
    </ClInclude>
    <ClInclude Include="Server\UE4PacketCipher.hpp">
      <Filter>Server</Filter>
    </ClInclude>
    <ClInclude Include="Server.hpp" />
    <ClInclude Include="Utility\TextFileLineReader.hpp">
      <Filter>Utility</Filter>
    </ClInclude>
    <ClInclude Include="Server\SessionAuthorityInfo.hpp">
      <Filter>Server</Filter>
    </ClInclude>
    <ClInclude Include="Server\RemoteServerInfo.hpp">
      <Filter>Server</Filter>
    </ClInclude>
  </ItemGroup>
  <ItemGroup>
    <ClCompile Include="Exception\StackTraceException.cpp">
      <Filter>Exception</Filter>
    </ClCompile>
    <ClCompile Include="Stream\ByteStream.cpp">
      <Filter>Stream</Filter>
    </ClCompile>
    <ClCompile Include="Stream\InputStream.cpp">
      <Filter>Stream</Filter>
    </ClCompile>
    <ClCompile Include="Stream\OutputStream.cpp">
      <Filter>Stream</Filter>
    </ClCompile>
    <ClCompile Include="Time\Calendar.cpp">
      <Filter>Time</Filter>
    </ClCompile>
    <ClCompile Include="Time\Clock.cpp">
      <Filter>Time</Filter>
    </ClCompile>
    <ClCompile Include="Nio\Private\NioContext.cpp">
      <Filter>Nio\Private</Filter>
    </ClCompile>
    <ClCompile Include="Nio\Private\NioSocket.cpp">
      <Filter>Nio\Private</Filter>
    </ClCompile>
    <ClCompile Include="Nio\Private\NioSystemClockTimer.cpp">
      <Filter>Nio\Private</Filter>
    </ClCompile>
    <ClCompile Include="Nio\NioChannel.cpp">
      <Filter>Nio</Filter>
    </ClCompile>
    <ClCompile Include="Nio\NioChannelHandler.cpp">
      <Filter>Nio</Filter>
    </ClCompile>
    <ClCompile Include="Nio\NioCipher.cpp">
      <Filter>Nio</Filter>
    </ClCompile>
    <ClCompile Include="Nio\NioEventHandler.cpp">
      <Filter>Nio</Filter>
    </ClCompile>
    <ClCompile Include="Nio\NioInPacket.cpp">
      <Filter>Nio</Filter>
    </ClCompile>
    <ClCompile Include="Nio\NioInternalBuffer.cpp">
      <Filter>Nio</Filter>
    </ClCompile>
    <ClCompile Include="Nio\NioOutPacket.cpp">
      <Filter>Nio</Filter>
    </ClCompile>
    <ClCompile Include="Nio\NioServer.cpp">
      <Filter>Nio</Filter>
    </ClCompile>
    <ClCompile Include="Nio\NioSession.cpp">
      <Filter>Nio</Filter>
    </ClCompile>
    <ClCompile Include="Nio\NioThreadGroup.cpp">
      <Filter>Nio</Filter>
    </ClCompile>
    <ClCompile Include="Database\Connection.cpp">
      <Filter>Database</Filter>
    </ClCompile>
    <ClCompile Include="Database\DatabaseDriver.cpp">
      <Filter>Database</Filter>
    </ClCompile>
    <ClCompile Include="Database\ODBC.cpp">
      <Filter>Database</Filter>
    </ClCompile>
    <ClCompile Include="Database\PreparedStatement.cpp">
      <Filter>Database</Filter>
    </ClCompile>
    <ClCompile Include="Database\ResultSet.cpp">
      <Filter>Database</Filter>
    </ClCompile>
    <ClCompile Include="Nio\NioLogger.cpp">
      <Filter>Nio</Filter>
    </ClCompile>
    <ClCompile Include="Utility\UUID.cpp">
      <Filter>Utility</Filter>
    </ClCompile>
    <ClCompile Include="Thread\Barrier.cpp">
      <Filter>Thread</Filter>
    </ClCompile>
    <ClCompile Include="Server\ClientStorage.cpp">
      <Filter>Server</Filter>
    </ClCompile>
    <ClCompile Include="Server\UE4Client.cpp">
      <Filter>Server</Filter>
    </ClCompile>
    <ClCompile Include="Server\UE4BaseServer.cpp">
      <Filter>Server</Filter>
    </ClCompile>
    <ClCompile Include="Server\UE4OutPacket.cpp">
      <Filter>Server</Filter>
    </ClCompile>
    <ClCompile Include="Server\UE4PacketCipher.cpp">
      <Filter>Server</Filter>
    </ClCompile>
    <ClCompile Include="Utility\TextFileLineReader.cpp">
      <Filter>Utility</Filter>
    </ClCompile>
    <ClCompile Include="Server\SessionAuthorityInfo.cpp">
      <Filter>Server</Filter>
    </ClCompile>
    <ClCompile Include="Server\RemoteServerInfo.cpp">
      <Filter>Server</Filter>
    </ClCompile>
  </ItemGroup>
</Project>