<?xml version="1.0" encoding="utf-8"?>
<Project ToolsVersion="4.0" xmlns="http://schemas.microsoft.com/developer/msbuild/2003">
  <ItemGroup>
    <Filter Include="Resource Files">
      <UniqueIdentifier>{67DA6AB6-F800-4c08-8B7A-83BB121AAD01}</UniqueIdentifier>
      <Extensions>rc;ico;cur;bmp;dlg;rc2;rct;bin;rgs;gif;jpg;jpeg;jpe;resx;tiff;tif;png;wav;mfcribbon-ms</Extensions>
    </Filter>
    <Filter Include="Public">
      <UniqueIdentifier>{4b15e2b5-0c91-4b9d-a228-9ae9929fee39}</UniqueIdentifier>
    </Filter>
    <Filter Include="Private">
      <UniqueIdentifier>{88388e59-9150-4af5-8afb-36964d212e6e}</UniqueIdentifier>
    </Filter>
  </ItemGroup>
  <ItemGroup>
    <ClInclude Include="Public\Base.hpp">
      <Filter>Public</Filter>
    </ClInclude>
    <ClInclude Include="Public\UE4BaseServer.hpp">
      <Filter>Public</Filter>
    </ClInclude>
    <ClInclude Include="Public\UE4Client.hpp">
      <Filter>Public</Filter>
    </ClInclude>
    <ClInclude Include="Public\TextFileLineReader.hpp">
      <Filter>Public</Filter>
    </ClInclude>
    <ClInclude Include="Private\ImplUE4BaseServer.hpp">
      <Filter>Private</Filter>
    </ClInclude>
    <ClInclude Include="Private\ImplUE4Client.hpp">
      <Filter>Private</Filter>
    </ClInclude>
    <ClInclude Include="Private\ClientStorage.hpp">
      <Filter>Private</Filter>
    </ClInclude>
  </ItemGroup>
  <ItemGroup>
    <ClCompile Include="Public\UE4BaseServer.cpp">
      <Filter>Public</Filter>
    </ClCompile>
    <ClCompile Include="Public\UE4Client.cpp">
      <Filter>Public</Filter>
    </ClCompile>
    <ClCompile Include="Public\TextFileLineReader.cpp">
      <Filter>Public</Filter>
    </ClCompile>
    <ClCompile Include="Private\ImplUE4BaseServer.cpp">
      <Filter>Private</Filter>
    </ClCompile>
    <ClCompile Include="Private\ImplUE4Client.cpp">
      <Filter>Private</Filter>
    </ClCompile>
    <ClCompile Include="Private\ClientStorage.cpp">
      <Filter>Private</Filter>
    </ClCompile>
  </ItemGroup>
</Project>