<?xml version="1.0" encoding="utf-8"?>
<Project ToolsVersion="4.0" xmlns="http://schemas.microsoft.com/developer/msbuild/2003">
  <ItemGroup>
    <Filter Include="Database">
      <UniqueIdentifier>{ecc7884a-d63b-4678-be62-417a310dc8b5}</UniqueIdentifier>
    </Filter>
    <Filter Include="Server">
      <UniqueIdentifier>{455abc9c-7f02-406b-91f5-593d21a393d0}</UniqueIdentifier>
    </Filter>
    <Filter Include="Nio">
      <UniqueIdentifier>{16bc59c8-7739-42c4-a015-dd938d5a3be6}</UniqueIdentifier>
    </Filter>
    <Filter Include="Stream">
      <UniqueIdentifier>{d24bcf3f-708f-41de-a0ee-6949bc51dcb1}</UniqueIdentifier>
    </Filter>
    <Filter Include="Database\Private">
      <UniqueIdentifier>{306a3fae-8544-40d9-9f31-2b55db610209}</UniqueIdentifier>
    </Filter>
  </ItemGroup>
  <ItemGroup>
    <ClInclude Include="Database\base.hpp">
      <Filter>Database</Filter>
    </ClInclude>
    <ClInclude Include="Database\Connection.hpp">
      <Filter>Database</Filter>
    </ClInclude>
    <ClInclude Include="Database\DatabaseDriver.hpp">
      <Filter>Database</Filter>
    </ClInclude>
    <ClInclude Include="Database\ODBCConnectionPool.hpp">
      <Filter>Database</Filter>
    </ClInclude>
    <ClInclude Include="Database\PreparedStatement.hpp">
      <Filter>Database</Filter>
    </ClInclude>
    <ClInclude Include="Database\ResultSet.hpp">
      <Filter>Database</Filter>
    </ClInclude>
    <ClInclude Include="Nio\NioInternalBuffer.hpp">
      <Filter>Nio</Filter>
    </ClInclude>
    <ClInclude Include="Nio\NioInPacket.hpp">
      <Filter>Nio</Filter>
    </ClInclude>
    <ClInclude Include="Nio\NioEventHandler.hpp">
      <Filter>Nio</Filter>
    </ClInclude>
    <ClInclude Include="Nio\NioCipher.hpp">
      <Filter>Nio</Filter>
    </ClInclude>
    <ClInclude Include="Nio\NioSession.hpp">
      <Filter>Nio</Filter>
    </ClInclude>
    <ClInclude Include="Nio\NioServer.hpp">
      <Filter>Nio</Filter>
    </ClInclude>
    <ClInclude Include="Nio\NioOutPacket.hpp">
      <Filter>Nio</Filter>
    </ClInclude>
    <ClInclude Include="Stream\ByteStream.hpp">
      <Filter>Stream</Filter>
    </ClInclude>
    <ClInclude Include="Stream\InputStream.hpp">
      <Filter>Stream</Filter>
    </ClInclude>
    <ClInclude Include="Stream\OutputStream.hpp">
      <Filter>Stream</Filter>
    </ClInclude>
    <ClInclude Include="DllBase.hpp" />
    <ClInclude Include="Stream\ISerializable.hpp">
      <Filter>Stream</Filter>
    </ClInclude>
    <ClInclude Include="Nio\NioBase.hpp">
      <Filter>Nio</Filter>
    </ClInclude>
    <ClInclude Include="Database\Private\ODBC.hpp">
      <Filter>Database\Private</Filter>
    </ClInclude>
    <ClInclude Include="Database\Private\ODBCConnectionPoolImpl.hpp">
      <Filter>Database\Private</Filter>
    </ClInclude>
    <ClInclude Include="Server\ClientStorage.hpp">
      <Filter>Server</Filter>
    </ClInclude>
    <ClInclude Include="Server\RemoteServerInfo.hpp">
      <Filter>Server</Filter>
    </ClInclude>
    <ClInclude Include="Server\RemoteSessionInfo.hpp">
      <Filter>Server</Filter>
    </ClInclude>
    <ClInclude Include="Server\UE4BaseServer.hpp">
      <Filter>Server</Filter>
    </ClInclude>
    <ClInclude Include="Server\UE4Client.hpp">
      <Filter>Server</Filter>
    </ClInclude>
    <ClInclude Include="Server\UE4EventHandler.hpp">
      <Filter>Server</Filter>
    </ClInclude>
    <ClInclude Include="Server\UE4OutPacket.hpp">
      <Filter>Server</Filter>
    </ClInclude>
    <ClInclude Include="Server\UE4PacketCipher.hpp">
      <Filter>Server</Filter>
    </ClInclude>
    <ClInclude Include="Database.hpp" />
    <ClInclude Include="Nio.hpp" />
    <ClInclude Include="Stream.hpp" />
  </ItemGroup>
  <ItemGroup>
    <ClCompile Include="Database\Connection.cpp">
      <Filter>Database</Filter>
    </ClCompile>
    <ClCompile Include="Database\DatabaseDriver.cpp">
      <Filter>Database</Filter>
    </ClCompile>
    <ClCompile Include="Database\ODBCConnectionPool.cpp">
      <Filter>Database</Filter>
    </ClCompile>
    <ClCompile Include="Database\PreparedStatement.cpp">
      <Filter>Database</Filter>
    </ClCompile>
    <ClCompile Include="Database\ResultSet.cpp">
      <Filter>Database</Filter>
    </ClCompile>
    <ClCompile Include="Nio\NioInternalBuffer.cpp">
      <Filter>Nio</Filter>
    </ClCompile>
    <ClCompile Include="Nio\NioInPacket.cpp">
      <Filter>Nio</Filter>
    </ClCompile>
    <ClCompile Include="Nio\NioOutPacket.cpp">
      <Filter>Nio</Filter>
    </ClCompile>
    <ClCompile Include="Stream\ByteStream.cpp">
      <Filter>Stream</Filter>
    </ClCompile>
    <ClCompile Include="Stream\InputStream.cpp">
      <Filter>Stream</Filter>
    </ClCompile>
    <ClCompile Include="Stream\OutputStream.cpp">
      <Filter>Stream</Filter>
    </ClCompile>
    <ClCompile Include="Database\Private\ODBC.cpp">
      <Filter>Database\Private</Filter>
    </ClCompile>
    <ClCompile Include="Database\Private\ODBCConnectionPoolImpl.cpp">
      <Filter>Database\Private</Filter>
    </ClCompile>
    <ClCompile Include="Server\ClientStorage.cpp">
      <Filter>Server</Filter>
    </ClCompile>
    <ClCompile Include="Server\RemoteServerInfo.cpp">
      <Filter>Server</Filter>
    </ClCompile>
    <ClCompile Include="Server\RemoteSessionInfo.cpp">
      <Filter>Server</Filter>
    </ClCompile>
    <ClCompile Include="Server\UE4BaseServer.cpp">
      <Filter>Server</Filter>
    </ClCompile>
    <ClCompile Include="Server\UE4Client.cpp">
      <Filter>Server</Filter>
    </ClCompile>
    <ClCompile Include="Server\UE4OutPacket.cpp">
      <Filter>Server</Filter>
    </ClCompile>
    <ClCompile Include="Server\UE4PacketCipher.cpp">
      <Filter>Server</Filter>
    </ClCompile>
  </ItemGroup>
</Project>